// !$*UTF8*$!
{
	archiveVersion = 1;
	classes = {
	};
	objectVersion = 48;
	objects = {

/* Begin PBXBuildFile section */
		0D094D7C1F8C0B72007AE07F /* simple.graphml in Resources */ = {isa = PBXBuildFile; fileRef = 0D094D7B1F8C0B72007AE07F /* simple.graphml */; };
		0D4830D21F8C118100212BAE /* simple.graphml in Resources */ = {isa = PBXBuildFile; fileRef = 0D094D7B1F8C0B72007AE07F /* simple.graphml */; };
		0D4830D71F8C14F800212BAE /* GraphMLParser.swift in Sources */ = {isa = PBXBuildFile; fileRef = 0D4830D61F8C14F800212BAE /* GraphMLParser.swift */; };
		0D4830D81F8C1D5200212BAE /* simple.graphml in Resources */ = {isa = PBXBuildFile; fileRef = 0D094D7B1F8C0B72007AE07F /* simple.graphml */; };
		0DDC4B661F89008D00BEFE10 /* AppDelegate.swift in Sources */ = {isa = PBXBuildFile; fileRef = 0DDC4B651F89008D00BEFE10 /* AppDelegate.swift */; };
		0DDC4B681F89008D00BEFE10 /* Assets.xcassets in Resources */ = {isa = PBXBuildFile; fileRef = 0DDC4B671F89008D00BEFE10 /* Assets.xcassets */; };
		0DDC4B6B1F89008D00BEFE10 /* MainMenu.xib in Resources */ = {isa = PBXBuildFile; fileRef = 0DDC4B691F89008D00BEFE10 /* MainMenu.xib */; };
		0DDC4B771F89008E00BEFE10 /* GraphyGraphTests.swift in Sources */ = {isa = PBXBuildFile; fileRef = 0DDC4B761F89008E00BEFE10 /* GraphyGraphTests.swift */; };
		0DDC4B821F89008E00BEFE10 /* GraphyGraphUITests.swift in Sources */ = {isa = PBXBuildFile; fileRef = 0DDC4B811F89008E00BEFE10 /* GraphyGraphUITests.swift */; };
		0DDC4B901F8909B400BEFE10 /* MainViewController.swift in Sources */ = {isa = PBXBuildFile; fileRef = 0DDC4B8F1F8909B400BEFE10 /* MainViewController.swift */; };
		0DDC4B921F890B6800BEFE10 /* MainViewController.xib in Resources */ = {isa = PBXBuildFile; fileRef = 0DDC4B911F890B6800BEFE10 /* MainViewController.xib */; };
		0DDC4B951F89118300BEFE10 /* NSView.swift in Sources */ = {isa = PBXBuildFile; fileRef = 0DDC4B941F89118300BEFE10 /* NSView.swift */; };
		0DDC4BA51F8A777500BEFE10 /* GraphyGraphLib.framework in Frameworks */ = {isa = PBXBuildFile; fileRef = 0DDC4B9C1F8A777400BEFE10 /* GraphyGraphLib.framework */; };
		0DDC4BAC1F8A777500BEFE10 /* GraphyGraphLibTests.swift in Sources */ = {isa = PBXBuildFile; fileRef = 0DDC4BAB1F8A777500BEFE10 /* GraphyGraphLibTests.swift */; };
		0DDC4BAE1F8A777500BEFE10 /* GraphyGraphLib.h in Headers */ = {isa = PBXBuildFile; fileRef = 0DDC4B9E1F8A777500BEFE10 /* GraphyGraphLib.h */; settings = {ATTRIBUTES = (Public, ); }; };
		0DDC4BB11F8A777500BEFE10 /* GraphyGraphLib.framework in Frameworks */ = {isa = PBXBuildFile; fileRef = 0DDC4B9C1F8A777400BEFE10 /* GraphyGraphLib.framework */; };
		0DDC4BB21F8A777500BEFE10 /* GraphyGraphLib.framework in Embed Frameworks */ = {isa = PBXBuildFile; fileRef = 0DDC4B9C1F8A777400BEFE10 /* GraphyGraphLib.framework */; settings = {ATTRIBUTES = (CodeSignOnCopy, RemoveHeadersOnCopy, ); }; };
		0DDC4BBB1F8A779E00BEFE10 /* Graph.swift in Sources */ = {isa = PBXBuildFile; fileRef = 0DDC4BBA1F8A779E00BEFE10 /* Graph.swift */; };
		0DDC4BBD1F8A786A00BEFE10 /* Edge.swift in Sources */ = {isa = PBXBuildFile; fileRef = 0DDC4BBC1F8A786A00BEFE10 /* Edge.swift */; };
		0DF32F541F97634C007AEEFF /* GraphViewController.swift in Sources */ = {isa = PBXBuildFile; fileRef = 0DF32F521F97634C007AEEFF /* GraphViewController.swift */; };
		0DF32F551F97634C007AEEFF /* GraphViewController.xib in Resources */ = {isa = PBXBuildFile; fileRef = 0DF32F531F97634C007AEEFF /* GraphViewController.xib */; };
		0DF32F581F976A9E007AEEFF /* VertexView.swift in Sources */ = {isa = PBXBuildFile; fileRef = 0DF32F571F976A9E007AEEFF /* VertexView.swift */; };
/* End PBXBuildFile section */

/* Begin PBXContainerItemProxy section */
		0DDC4B731F89008D00BEFE10 /* PBXContainerItemProxy */ = {
			isa = PBXContainerItemProxy;
			containerPortal = 0DDC4B5A1F89008D00BEFE10 /* Project object */;
			proxyType = 1;
			remoteGlobalIDString = 0DDC4B611F89008D00BEFE10;
			remoteInfo = GraphyGraph;
		};
		0DDC4B7E1F89008E00BEFE10 /* PBXContainerItemProxy */ = {
			isa = PBXContainerItemProxy;
			containerPortal = 0DDC4B5A1F89008D00BEFE10 /* Project object */;
			proxyType = 1;
			remoteGlobalIDString = 0DDC4B611F89008D00BEFE10;
			remoteInfo = GraphyGraph;
		};
		0DDC4BA61F8A777500BEFE10 /* PBXContainerItemProxy */ = {
			isa = PBXContainerItemProxy;
			containerPortal = 0DDC4B5A1F89008D00BEFE10 /* Project object */;
			proxyType = 1;
			remoteGlobalIDString = 0DDC4B9B1F8A777400BEFE10;
			remoteInfo = GraphyGraphLib;
		};
		0DDC4BA81F8A777500BEFE10 /* PBXContainerItemProxy */ = {
			isa = PBXContainerItemProxy;
			containerPortal = 0DDC4B5A1F89008D00BEFE10 /* Project object */;
			proxyType = 1;
			remoteGlobalIDString = 0DDC4B611F89008D00BEFE10;
			remoteInfo = GraphyGraph;
		};
		0DDC4BAF1F8A777500BEFE10 /* PBXContainerItemProxy */ = {
			isa = PBXContainerItemProxy;
			containerPortal = 0DDC4B5A1F89008D00BEFE10 /* Project object */;
			proxyType = 1;
			remoteGlobalIDString = 0DDC4B9B1F8A777400BEFE10;
			remoteInfo = GraphyGraphLib;
		};
/* End PBXContainerItemProxy section */

/* Begin PBXCopyFilesBuildPhase section */
		0DDC4BB61F8A777500BEFE10 /* Embed Frameworks */ = {
			isa = PBXCopyFilesBuildPhase;
			buildActionMask = 2147483647;
			dstPath = "";
			dstSubfolderSpec = 10;
			files = (
				0DDC4BB21F8A777500BEFE10 /* GraphyGraphLib.framework in Embed Frameworks */,
			);
			name = "Embed Frameworks";
			runOnlyForDeploymentPostprocessing = 0;
		};
/* End PBXCopyFilesBuildPhase section */

/* Begin PBXFileReference section */
		0D094D7B1F8C0B72007AE07F /* simple.graphml */ = {isa = PBXFileReference; lastKnownFileType = text; path = simple.graphml; sourceTree = "<group>"; };
		0D094D7D1F8C0BD8007AE07F /* attributes.graphml */ = {isa = PBXFileReference; lastKnownFileType = text.xml; path = attributes.graphml; sourceTree = "<group>"; };
		0D4830D61F8C14F800212BAE /* GraphMLParser.swift */ = {isa = PBXFileReference; lastKnownFileType = sourcecode.swift; path = GraphMLParser.swift; sourceTree = "<group>"; };
		0DDC4B621F89008D00BEFE10 /* GraphyGraph.app */ = {isa = PBXFileReference; explicitFileType = wrapper.application; includeInIndex = 0; path = GraphyGraph.app; sourceTree = BUILT_PRODUCTS_DIR; };
		0DDC4B651F89008D00BEFE10 /* AppDelegate.swift */ = {isa = PBXFileReference; lastKnownFileType = sourcecode.swift; path = AppDelegate.swift; sourceTree = "<group>"; };
		0DDC4B671F89008D00BEFE10 /* Assets.xcassets */ = {isa = PBXFileReference; lastKnownFileType = folder.assetcatalog; path = Assets.xcassets; sourceTree = "<group>"; };
		0DDC4B6A1F89008D00BEFE10 /* Base */ = {isa = PBXFileReference; lastKnownFileType = file.xib; name = Base; path = Base.lproj/MainMenu.xib; sourceTree = "<group>"; };
		0DDC4B6C1F89008D00BEFE10 /* Info.plist */ = {isa = PBXFileReference; lastKnownFileType = text.plist.xml; path = Info.plist; sourceTree = "<group>"; };
		0DDC4B6D1F89008D00BEFE10 /* GraphyGraph.entitlements */ = {isa = PBXFileReference; lastKnownFileType = text.plist.entitlements; path = GraphyGraph.entitlements; sourceTree = "<group>"; };
		0DDC4B721F89008D00BEFE10 /* GraphyGraphTests.xctest */ = {isa = PBXFileReference; explicitFileType = wrapper.cfbundle; includeInIndex = 0; path = GraphyGraphTests.xctest; sourceTree = BUILT_PRODUCTS_DIR; };
		0DDC4B761F89008E00BEFE10 /* GraphyGraphTests.swift */ = {isa = PBXFileReference; lastKnownFileType = sourcecode.swift; path = GraphyGraphTests.swift; sourceTree = "<group>"; };
		0DDC4B781F89008E00BEFE10 /* Info.plist */ = {isa = PBXFileReference; lastKnownFileType = text.plist.xml; path = Info.plist; sourceTree = "<group>"; };
		0DDC4B7D1F89008E00BEFE10 /* GraphyGraphUITests.xctest */ = {isa = PBXFileReference; explicitFileType = wrapper.cfbundle; includeInIndex = 0; path = GraphyGraphUITests.xctest; sourceTree = BUILT_PRODUCTS_DIR; };
		0DDC4B811F89008E00BEFE10 /* GraphyGraphUITests.swift */ = {isa = PBXFileReference; lastKnownFileType = sourcecode.swift; path = GraphyGraphUITests.swift; sourceTree = "<group>"; };
		0DDC4B831F89008E00BEFE10 /* Info.plist */ = {isa = PBXFileReference; lastKnownFileType = text.plist.xml; path = Info.plist; sourceTree = "<group>"; };
		0DDC4B8F1F8909B400BEFE10 /* MainViewController.swift */ = {isa = PBXFileReference; lastKnownFileType = sourcecode.swift; path = MainViewController.swift; sourceTree = "<group>"; };
		0DDC4B911F890B6800BEFE10 /* MainViewController.xib */ = {isa = PBXFileReference; lastKnownFileType = file.xib; path = MainViewController.xib; sourceTree = "<group>"; };
		0DDC4B941F89118300BEFE10 /* NSView.swift */ = {isa = PBXFileReference; lastKnownFileType = sourcecode.swift; path = NSView.swift; sourceTree = "<group>"; };
		0DDC4B9C1F8A777400BEFE10 /* GraphyGraphLib.framework */ = {isa = PBXFileReference; explicitFileType = wrapper.framework; includeInIndex = 0; path = GraphyGraphLib.framework; sourceTree = BUILT_PRODUCTS_DIR; };
		0DDC4B9E1F8A777500BEFE10 /* GraphyGraphLib.h */ = {isa = PBXFileReference; lastKnownFileType = sourcecode.c.h; path = GraphyGraphLib.h; sourceTree = "<group>"; };
		0DDC4B9F1F8A777500BEFE10 /* Info.plist */ = {isa = PBXFileReference; lastKnownFileType = text.plist.xml; path = Info.plist; sourceTree = "<group>"; };
		0DDC4BA41F8A777500BEFE10 /* GraphyGraphLibTests.xctest */ = {isa = PBXFileReference; explicitFileType = wrapper.cfbundle; includeInIndex = 0; path = GraphyGraphLibTests.xctest; sourceTree = BUILT_PRODUCTS_DIR; };
		0DDC4BAB1F8A777500BEFE10 /* GraphyGraphLibTests.swift */ = {isa = PBXFileReference; lastKnownFileType = sourcecode.swift; path = GraphyGraphLibTests.swift; sourceTree = "<group>"; };
		0DDC4BAD1F8A777500BEFE10 /* Info.plist */ = {isa = PBXFileReference; lastKnownFileType = text.plist.xml; path = Info.plist; sourceTree = "<group>"; };
		0DDC4BBA1F8A779E00BEFE10 /* Graph.swift */ = {isa = PBXFileReference; lastKnownFileType = sourcecode.swift; path = Graph.swift; sourceTree = "<group>"; };
		0DDC4BBC1F8A786A00BEFE10 /* Edge.swift */ = {isa = PBXFileReference; lastKnownFileType = sourcecode.swift; path = Edge.swift; sourceTree = "<group>"; };
		0DF32F521F97634C007AEEFF /* GraphViewController.swift */ = {isa = PBXFileReference; lastKnownFileType = sourcecode.swift; path = GraphViewController.swift; sourceTree = "<group>"; };
		0DF32F531F97634C007AEEFF /* GraphViewController.xib */ = {isa = PBXFileReference; lastKnownFileType = file.xib; path = GraphViewController.xib; sourceTree = "<group>"; };
		0DF32F571F976A9E007AEEFF /* VertexView.swift */ = {isa = PBXFileReference; lastKnownFileType = sourcecode.swift; path = VertexView.swift; sourceTree = "<group>"; };
/* End PBXFileReference section */

/* Begin PBXFrameworksBuildPhase section */
		0DDC4B5F1F89008D00BEFE10 /* Frameworks */ = {
			isa = PBXFrameworksBuildPhase;
			buildActionMask = 2147483647;
			files = (
				0DDC4BB11F8A777500BEFE10 /* GraphyGraphLib.framework in Frameworks */,
			);
			runOnlyForDeploymentPostprocessing = 0;
		};
		0DDC4B6F1F89008D00BEFE10 /* Frameworks */ = {
			isa = PBXFrameworksBuildPhase;
			buildActionMask = 2147483647;
			files = (
			);
			runOnlyForDeploymentPostprocessing = 0;
		};
		0DDC4B7A1F89008E00BEFE10 /* Frameworks */ = {
			isa = PBXFrameworksBuildPhase;
			buildActionMask = 2147483647;
			files = (
			);
			runOnlyForDeploymentPostprocessing = 0;
		};
		0DDC4B981F8A777400BEFE10 /* Frameworks */ = {
			isa = PBXFrameworksBuildPhase;
			buildActionMask = 2147483647;
			files = (
			);
			runOnlyForDeploymentPostprocessing = 0;
		};
		0DDC4BA11F8A777500BEFE10 /* Frameworks */ = {
			isa = PBXFrameworksBuildPhase;
			buildActionMask = 2147483647;
			files = (
				0DDC4BA51F8A777500BEFE10 /* GraphyGraphLib.framework in Frameworks */,
			);
			runOnlyForDeploymentPostprocessing = 0;
		};
/* End PBXFrameworksBuildPhase section */

/* Begin PBXGroup section */
		0D094D7A1F8C0A31007AE07F /* Resources */ = {
			isa = PBXGroup;
			children = (
				0D094D7D1F8C0BD8007AE07F /* attributes.graphml */,
				0D094D7B1F8C0B72007AE07F /* simple.graphml */,
			);
			path = Resources;
			sourceTree = "<group>";
		};
		0DDC4B591F89008D00BEFE10 = {
			isa = PBXGroup;
			children = (
				0DDC4B641F89008D00BEFE10 /* GraphyGraph */,
				0DDC4B751F89008D00BEFE10 /* GraphyGraphTests */,
				0DDC4B801F89008E00BEFE10 /* GraphyGraphUITests */,
				0DDC4B9D1F8A777500BEFE10 /* GraphyGraphLib */,
				0DDC4BAA1F8A777500BEFE10 /* GraphyGraphLibTests */,
				0DDC4B631F89008D00BEFE10 /* Products */,
			);
			sourceTree = "<group>";
		};
		0DDC4B631F89008D00BEFE10 /* Products */ = {
			isa = PBXGroup;
			children = (
				0DDC4B621F89008D00BEFE10 /* GraphyGraph.app */,
				0DDC4B721F89008D00BEFE10 /* GraphyGraphTests.xctest */,
				0DDC4B7D1F89008E00BEFE10 /* GraphyGraphUITests.xctest */,
				0DDC4B9C1F8A777400BEFE10 /* GraphyGraphLib.framework */,
				0DDC4BA41F8A777500BEFE10 /* GraphyGraphLibTests.xctest */,
			);
			name = Products;
			sourceTree = "<group>";
		};
		0DDC4B641F89008D00BEFE10 /* GraphyGraph */ = {
			isa = PBXGroup;
			children = (
				0DDC4B931F89117400BEFE10 /* Extensions */,
				0DDC4B651F89008D00BEFE10 /* AppDelegate.swift */,
				0DDC4B671F89008D00BEFE10 /* Assets.xcassets */,
				0DDC4B691F89008D00BEFE10 /* MainMenu.xib */,
				0DDC4B6C1F89008D00BEFE10 /* Info.plist */,
				0DDC4B6D1F89008D00BEFE10 /* GraphyGraph.entitlements */,
				0DDC4B8F1F8909B400BEFE10 /* MainViewController.swift */,
				0DDC4B911F890B6800BEFE10 /* MainViewController.xib */,
				0DF32F521F97634C007AEEFF /* GraphViewController.swift */,
				0DF32F571F976A9E007AEEFF /* VertexView.swift */,
				0DF32F531F97634C007AEEFF /* GraphViewController.xib */,
			);
			path = GraphyGraph;
			sourceTree = "<group>";
		};
		0DDC4B751F89008D00BEFE10 /* GraphyGraphTests */ = {
			isa = PBXGroup;
			children = (
				0DDC4B761F89008E00BEFE10 /* GraphyGraphTests.swift */,
				0DDC4B781F89008E00BEFE10 /* Info.plist */,
			);
			path = GraphyGraphTests;
			sourceTree = "<group>";
		};
		0DDC4B801F89008E00BEFE10 /* GraphyGraphUITests */ = {
			isa = PBXGroup;
			children = (
				0DDC4B811F89008E00BEFE10 /* GraphyGraphUITests.swift */,
				0DDC4B831F89008E00BEFE10 /* Info.plist */,
			);
			path = GraphyGraphUITests;
			sourceTree = "<group>";
		};
		0DDC4B931F89117400BEFE10 /* Extensions */ = {
			isa = PBXGroup;
			children = (
				0DDC4B941F89118300BEFE10 /* NSView.swift */,
			);
			path = Extensions;
			sourceTree = "<group>";
		};
		0DDC4B9D1F8A777500BEFE10 /* GraphyGraphLib */ = {
			isa = PBXGroup;
			children = (
				0DDC4B9E1F8A777500BEFE10 /* GraphyGraphLib.h */,
				0DDC4B9F1F8A777500BEFE10 /* Info.plist */,
				0DDC4BBA1F8A779E00BEFE10 /* Graph.swift */,
				0DDC4BBC1F8A786A00BEFE10 /* Edge.swift */,
				0D4830D61F8C14F800212BAE /* GraphMLParser.swift */,
			);
			path = GraphyGraphLib;
			sourceTree = "<group>";
		};
		0DDC4BAA1F8A777500BEFE10 /* GraphyGraphLibTests */ = {
			isa = PBXGroup;
			children = (
				0D094D7A1F8C0A31007AE07F /* Resources */,
				0DDC4BAB1F8A777500BEFE10 /* GraphyGraphLibTests.swift */,
				0DDC4BAD1F8A777500BEFE10 /* Info.plist */,
			);
			path = GraphyGraphLibTests;
			sourceTree = "<group>";
		};
/* End PBXGroup section */

/* Begin PBXHeadersBuildPhase section */
		0DDC4B991F8A777400BEFE10 /* Headers */ = {
			isa = PBXHeadersBuildPhase;
			buildActionMask = 2147483647;
			files = (
				0DDC4BAE1F8A777500BEFE10 /* GraphyGraphLib.h in Headers */,
			);
			runOnlyForDeploymentPostprocessing = 0;
		};
/* End PBXHeadersBuildPhase section */

/* Begin PBXNativeTarget section */
		0DDC4B611F89008D00BEFE10 /* GraphyGraph */ = {
			isa = PBXNativeTarget;
			buildConfigurationList = 0DDC4B861F89008E00BEFE10 /* Build configuration list for PBXNativeTarget "GraphyGraph" */;
			buildPhases = (
				0DDC4B5E1F89008D00BEFE10 /* Sources */,
				0DDC4B5F1F89008D00BEFE10 /* Frameworks */,
				0DDC4B601F89008D00BEFE10 /* Resources */,
				0DDC4BB61F8A777500BEFE10 /* Embed Frameworks */,
			);
			buildRules = (
			);
			dependencies = (
				0DDC4BB01F8A777500BEFE10 /* PBXTargetDependency */,
			);
			name = GraphyGraph;
			productName = GraphyGraph;
			productReference = 0DDC4B621F89008D00BEFE10 /* GraphyGraph.app */;
			productType = "com.apple.product-type.application";
		};
		0DDC4B711F89008D00BEFE10 /* GraphyGraphTests */ = {
			isa = PBXNativeTarget;
			buildConfigurationList = 0DDC4B891F89008E00BEFE10 /* Build configuration list for PBXNativeTarget "GraphyGraphTests" */;
			buildPhases = (
				0DDC4B6E1F89008D00BEFE10 /* Sources */,
				0DDC4B6F1F89008D00BEFE10 /* Frameworks */,
				0DDC4B701F89008D00BEFE10 /* Resources */,
			);
			buildRules = (
			);
			dependencies = (
				0DDC4B741F89008D00BEFE10 /* PBXTargetDependency */,
			);
			name = GraphyGraphTests;
			productName = GraphyGraphTests;
			productReference = 0DDC4B721F89008D00BEFE10 /* GraphyGraphTests.xctest */;
			productType = "com.apple.product-type.bundle.unit-test";
		};
		0DDC4B7C1F89008E00BEFE10 /* GraphyGraphUITests */ = {
			isa = PBXNativeTarget;
			buildConfigurationList = 0DDC4B8C1F89008E00BEFE10 /* Build configuration list for PBXNativeTarget "GraphyGraphUITests" */;
			buildPhases = (
				0DDC4B791F89008E00BEFE10 /* Sources */,
				0DDC4B7A1F89008E00BEFE10 /* Frameworks */,
				0DDC4B7B1F89008E00BEFE10 /* Resources */,
			);
			buildRules = (
			);
			dependencies = (
				0DDC4B7F1F89008E00BEFE10 /* PBXTargetDependency */,
			);
			name = GraphyGraphUITests;
			productName = GraphyGraphUITests;
			productReference = 0DDC4B7D1F89008E00BEFE10 /* GraphyGraphUITests.xctest */;
			productType = "com.apple.product-type.bundle.ui-testing";
		};
		0DDC4B9B1F8A777400BEFE10 /* GraphyGraphLib */ = {
			isa = PBXNativeTarget;
			buildConfigurationList = 0DDC4BB31F8A777500BEFE10 /* Build configuration list for PBXNativeTarget "GraphyGraphLib" */;
			buildPhases = (
				0DDC4B971F8A777400BEFE10 /* Sources */,
				0DDC4B981F8A777400BEFE10 /* Frameworks */,
				0DDC4B991F8A777400BEFE10 /* Headers */,
				0DDC4B9A1F8A777400BEFE10 /* Resources */,
			);
			buildRules = (
			);
			dependencies = (
			);
			name = GraphyGraphLib;
			productName = GraphyGraphLib;
			productReference = 0DDC4B9C1F8A777400BEFE10 /* GraphyGraphLib.framework */;
			productType = "com.apple.product-type.framework";
		};
		0DDC4BA31F8A777500BEFE10 /* GraphyGraphLibTests */ = {
			isa = PBXNativeTarget;
			buildConfigurationList = 0DDC4BB71F8A777500BEFE10 /* Build configuration list for PBXNativeTarget "GraphyGraphLibTests" */;
			buildPhases = (
				0DDC4BA01F8A777500BEFE10 /* Sources */,
				0DDC4BA11F8A777500BEFE10 /* Frameworks */,
				0DDC4BA21F8A777500BEFE10 /* Resources */,
			);
			buildRules = (
			);
			dependencies = (
				0DDC4BA71F8A777500BEFE10 /* PBXTargetDependency */,
				0DDC4BA91F8A777500BEFE10 /* PBXTargetDependency */,
			);
			name = GraphyGraphLibTests;
			productName = GraphyGraphLibTests;
			productReference = 0DDC4BA41F8A777500BEFE10 /* GraphyGraphLibTests.xctest */;
			productType = "com.apple.product-type.bundle.unit-test";
		};
/* End PBXNativeTarget section */

/* Begin PBXProject section */
		0DDC4B5A1F89008D00BEFE10 /* Project object */ = {
			isa = PBXProject;
			attributes = {
				LastSwiftUpdateCheck = 0900;
				LastUpgradeCheck = 0900;
				ORGANIZATIONNAME = "Peter Prokop";
				TargetAttributes = {
					0DDC4B611F89008D00BEFE10 = {
						CreatedOnToolsVersion = 9.0;
						ProvisioningStyle = Automatic;
					};
					0DDC4B711F89008D00BEFE10 = {
						CreatedOnToolsVersion = 9.0;
						ProvisioningStyle = Automatic;
						TestTargetID = 0DDC4B611F89008D00BEFE10;
					};
					0DDC4B7C1F89008E00BEFE10 = {
						CreatedOnToolsVersion = 9.0;
						ProvisioningStyle = Automatic;
						TestTargetID = 0DDC4B611F89008D00BEFE10;
					};
					0DDC4B9B1F8A777400BEFE10 = {
						CreatedOnToolsVersion = 9.0;
						LastSwiftMigration = 0900;
						ProvisioningStyle = Automatic;
					};
					0DDC4BA31F8A777500BEFE10 = {
						CreatedOnToolsVersion = 9.0;
						ProvisioningStyle = Automatic;
						TestTargetID = 0DDC4B611F89008D00BEFE10;
					};
				};
			};
			buildConfigurationList = 0DDC4B5D1F89008D00BEFE10 /* Build configuration list for PBXProject "GraphyGraph" */;
			compatibilityVersion = "Xcode 8.0";
			developmentRegion = en;
			hasScannedForEncodings = 0;
			knownRegions = (
				en,
				Base,
			);
			mainGroup = 0DDC4B591F89008D00BEFE10;
			productRefGroup = 0DDC4B631F89008D00BEFE10 /* Products */;
			projectDirPath = "";
			projectRoot = "";
			targets = (
				0DDC4B611F89008D00BEFE10 /* GraphyGraph */,
				0DDC4B711F89008D00BEFE10 /* GraphyGraphTests */,
				0DDC4B7C1F89008E00BEFE10 /* GraphyGraphUITests */,
				0DDC4B9B1F8A777400BEFE10 /* GraphyGraphLib */,
				0DDC4BA31F8A777500BEFE10 /* GraphyGraphLibTests */,
			);
		};
/* End PBXProject section */

/* Begin PBXResourcesBuildPhase section */
		0DDC4B601F89008D00BEFE10 /* Resources */ = {
			isa = PBXResourcesBuildPhase;
			buildActionMask = 2147483647;
			files = (
				0DDC4B681F89008D00BEFE10 /* Assets.xcassets in Resources */,
				0DF32F551F97634C007AEEFF /* GraphViewController.xib in Resources */,
				0D4830D81F8C1D5200212BAE /* simple.graphml in Resources */,
				0DDC4B921F890B6800BEFE10 /* MainViewController.xib in Resources */,
				0DDC4B6B1F89008D00BEFE10 /* MainMenu.xib in Resources */,
			);
			runOnlyForDeploymentPostprocessing = 0;
		};
		0DDC4B701F89008D00BEFE10 /* Resources */ = {
			isa = PBXResourcesBuildPhase;
			buildActionMask = 2147483647;
			files = (
			);
			runOnlyForDeploymentPostprocessing = 0;
		};
		0DDC4B7B1F89008E00BEFE10 /* Resources */ = {
			isa = PBXResourcesBuildPhase;
			buildActionMask = 2147483647;
			files = (
			);
			runOnlyForDeploymentPostprocessing = 0;
		};
		0DDC4B9A1F8A777400BEFE10 /* Resources */ = {
			isa = PBXResourcesBuildPhase;
			buildActionMask = 2147483647;
			files = (
				0D4830D21F8C118100212BAE /* simple.graphml in Resources */,
			);
			runOnlyForDeploymentPostprocessing = 0;
		};
		0DDC4BA21F8A777500BEFE10 /* Resources */ = {
			isa = PBXResourcesBuildPhase;
			buildActionMask = 2147483647;
			files = (
				0D094D7C1F8C0B72007AE07F /* simple.graphml in Resources */,
			);
			runOnlyForDeploymentPostprocessing = 0;
		};
/* End PBXResourcesBuildPhase section */

/* Begin PBXSourcesBuildPhase section */
		0DDC4B5E1F89008D00BEFE10 /* Sources */ = {
			isa = PBXSourcesBuildPhase;
			buildActionMask = 2147483647;
			files = (
				0DDC4B661F89008D00BEFE10 /* AppDelegate.swift in Sources */,
				0DF32F541F97634C007AEEFF /* GraphViewController.swift in Sources */,
				0DDC4B951F89118300BEFE10 /* NSView.swift in Sources */,
				0DF32F581F976A9E007AEEFF /* VertexView.swift in Sources */,
				0DDC4B901F8909B400BEFE10 /* MainViewController.swift in Sources */,
			);
			runOnlyForDeploymentPostprocessing = 0;
		};
		0DDC4B6E1F89008D00BEFE10 /* Sources */ = {
			isa = PBXSourcesBuildPhase;
			buildActionMask = 2147483647;
			files = (
				0DDC4B771F89008E00BEFE10 /* GraphyGraphTests.swift in Sources */,
			);
			runOnlyForDeploymentPostprocessing = 0;
		};
		0DDC4B791F89008E00BEFE10 /* Sources */ = {
			isa = PBXSourcesBuildPhase;
			buildActionMask = 2147483647;
			files = (
				0DDC4B821F89008E00BEFE10 /* GraphyGraphUITests.swift in Sources */,
			);
			runOnlyForDeploymentPostprocessing = 0;
		};
		0DDC4B971F8A777400BEFE10 /* Sources */ = {
			isa = PBXSourcesBuildPhase;
			buildActionMask = 2147483647;
			files = (
				0DDC4BBD1F8A786A00BEFE10 /* Edge.swift in Sources */,
				0DDC4BBB1F8A779E00BEFE10 /* Graph.swift in Sources */,
				0D4830D71F8C14F800212BAE /* GraphMLParser.swift in Sources */,
			);
			runOnlyForDeploymentPostprocessing = 0;
		};
		0DDC4BA01F8A777500BEFE10 /* Sources */ = {
			isa = PBXSourcesBuildPhase;
			buildActionMask = 2147483647;
			files = (
				0DDC4BAC1F8A777500BEFE10 /* GraphyGraphLibTests.swift in Sources */,
			);
			runOnlyForDeploymentPostprocessing = 0;
		};
/* End PBXSourcesBuildPhase section */

/* Begin PBXTargetDependency section */
		0DDC4B741F89008D00BEFE10 /* PBXTargetDependency */ = {
			isa = PBXTargetDependency;
			target = 0DDC4B611F89008D00BEFE10 /* GraphyGraph */;
			targetProxy = 0DDC4B731F89008D00BEFE10 /* PBXContainerItemProxy */;
		};
		0DDC4B7F1F89008E00BEFE10 /* PBXTargetDependency */ = {
			isa = PBXTargetDependency;
			target = 0DDC4B611F89008D00BEFE10 /* GraphyGraph */;
			targetProxy = 0DDC4B7E1F89008E00BEFE10 /* PBXContainerItemProxy */;
		};
		0DDC4BA71F8A777500BEFE10 /* PBXTargetDependency */ = {
			isa = PBXTargetDependency;
			target = 0DDC4B9B1F8A777400BEFE10 /* GraphyGraphLib */;
			targetProxy = 0DDC4BA61F8A777500BEFE10 /* PBXContainerItemProxy */;
		};
		0DDC4BA91F8A777500BEFE10 /* PBXTargetDependency */ = {
			isa = PBXTargetDependency;
			target = 0DDC4B611F89008D00BEFE10 /* GraphyGraph */;
			targetProxy = 0DDC4BA81F8A777500BEFE10 /* PBXContainerItemProxy */;
		};
		0DDC4BB01F8A777500BEFE10 /* PBXTargetDependency */ = {
			isa = PBXTargetDependency;
			target = 0DDC4B9B1F8A777400BEFE10 /* GraphyGraphLib */;
			targetProxy = 0DDC4BAF1F8A777500BEFE10 /* PBXContainerItemProxy */;
		};
/* End PBXTargetDependency section */

/* Begin PBXVariantGroup section */
		0DDC4B691F89008D00BEFE10 /* MainMenu.xib */ = {
			isa = PBXVariantGroup;
			children = (
				0DDC4B6A1F89008D00BEFE10 /* Base */,
			);
			name = MainMenu.xib;
			sourceTree = "<group>";
		};
/* End PBXVariantGroup section */

/* Begin XCBuildConfiguration section */
		0DDC4B841F89008E00BEFE10 /* Debug */ = {
			isa = XCBuildConfiguration;
			buildSettings = {
				ALWAYS_SEARCH_USER_PATHS = NO;
				CLANG_ANALYZER_NONNULL = YES;
				CLANG_ANALYZER_NUMBER_OBJECT_CONVERSION = YES_AGGRESSIVE;
				CLANG_CXX_LANGUAGE_STANDARD = "gnu++14";
				CLANG_CXX_LIBRARY = "libc++";
				CLANG_ENABLE_MODULES = YES;
				CLANG_ENABLE_OBJC_ARC = YES;
				CLANG_WARN_BLOCK_CAPTURE_AUTORELEASING = YES;
				CLANG_WARN_BOOL_CONVERSION = YES;
				CLANG_WARN_COMMA = YES;
				CLANG_WARN_CONSTANT_CONVERSION = YES;
				CLANG_WARN_DIRECT_OBJC_ISA_USAGE = YES_ERROR;
				CLANG_WARN_DOCUMENTATION_COMMENTS = YES;
				CLANG_WARN_EMPTY_BODY = YES;
				CLANG_WARN_ENUM_CONVERSION = YES;
				CLANG_WARN_INFINITE_RECURSION = YES;
				CLANG_WARN_INT_CONVERSION = YES;
				CLANG_WARN_NON_LITERAL_NULL_CONVERSION = YES;
				CLANG_WARN_OBJC_LITERAL_CONVERSION = YES;
				CLANG_WARN_OBJC_ROOT_CLASS = YES_ERROR;
				CLANG_WARN_RANGE_LOOP_ANALYSIS = YES;
				CLANG_WARN_STRICT_PROTOTYPES = YES;
				CLANG_WARN_SUSPICIOUS_MOVE = YES;
				CLANG_WARN_UNGUARDED_AVAILABILITY = YES_AGGRESSIVE;
				CLANG_WARN_UNREACHABLE_CODE = YES;
				CLANG_WARN__DUPLICATE_METHOD_MATCH = YES;
				CODE_SIGN_IDENTITY = "-";
				COPY_PHASE_STRIP = NO;
				DEBUG_INFORMATION_FORMAT = dwarf;
				ENABLE_STRICT_OBJC_MSGSEND = YES;
				ENABLE_TESTABILITY = YES;
				GCC_C_LANGUAGE_STANDARD = gnu11;
				GCC_DYNAMIC_NO_PIC = NO;
				GCC_NO_COMMON_BLOCKS = YES;
				GCC_OPTIMIZATION_LEVEL = 0;
				GCC_PREPROCESSOR_DEFINITIONS = (
					"DEBUG=1",
					"$(inherited)",
				);
				GCC_WARN_64_TO_32_BIT_CONVERSION = YES;
				GCC_WARN_ABOUT_RETURN_TYPE = YES_ERROR;
				GCC_WARN_UNDECLARED_SELECTOR = YES;
				GCC_WARN_UNINITIALIZED_AUTOS = YES_AGGRESSIVE;
				GCC_WARN_UNUSED_FUNCTION = YES;
				GCC_WARN_UNUSED_VARIABLE = YES;
				MACOSX_DEPLOYMENT_TARGET = 10.11;
				MTL_ENABLE_DEBUG_INFO = YES;
				ONLY_ACTIVE_ARCH = YES;
				SDKROOT = macosx;
				SWIFT_ACTIVE_COMPILATION_CONDITIONS = DEBUG;
				SWIFT_OPTIMIZATION_LEVEL = "-Onone";
			};
			name = Debug;
		};
		0DDC4B851F89008E00BEFE10 /* Release */ = {
			isa = XCBuildConfiguration;
			buildSettings = {
				ALWAYS_SEARCH_USER_PATHS = NO;
				CLANG_ANALYZER_NONNULL = YES;
				CLANG_ANALYZER_NUMBER_OBJECT_CONVERSION = YES_AGGRESSIVE;
				CLANG_CXX_LANGUAGE_STANDARD = "gnu++14";
				CLANG_CXX_LIBRARY = "libc++";
				CLANG_ENABLE_MODULES = YES;
				CLANG_ENABLE_OBJC_ARC = YES;
				CLANG_WARN_BLOCK_CAPTURE_AUTORELEASING = YES;
				CLANG_WARN_BOOL_CONVERSION = YES;
				CLANG_WARN_COMMA = YES;
				CLANG_WARN_CONSTANT_CONVERSION = YES;
				CLANG_WARN_DIRECT_OBJC_ISA_USAGE = YES_ERROR;
				CLANG_WARN_DOCUMENTATION_COMMENTS = YES;
				CLANG_WARN_EMPTY_BODY = YES;
				CLANG_WARN_ENUM_CONVERSION = YES;
				CLANG_WARN_INFINITE_RECURSION = YES;
				CLANG_WARN_INT_CONVERSION = YES;
				CLANG_WARN_NON_LITERAL_NULL_CONVERSION = YES;
				CLANG_WARN_OBJC_LITERAL_CONVERSION = YES;
				CLANG_WARN_OBJC_ROOT_CLASS = YES_ERROR;
				CLANG_WARN_RANGE_LOOP_ANALYSIS = YES;
				CLANG_WARN_STRICT_PROTOTYPES = YES;
				CLANG_WARN_SUSPICIOUS_MOVE = YES;
				CLANG_WARN_UNGUARDED_AVAILABILITY = YES_AGGRESSIVE;
				CLANG_WARN_UNREACHABLE_CODE = YES;
				CLANG_WARN__DUPLICATE_METHOD_MATCH = YES;
				CODE_SIGN_IDENTITY = "-";
				COPY_PHASE_STRIP = NO;
				DEBUG_INFORMATION_FORMAT = "dwarf-with-dsym";
				ENABLE_NS_ASSERTIONS = NO;
				ENABLE_STRICT_OBJC_MSGSEND = YES;
				GCC_C_LANGUAGE_STANDARD = gnu11;
				GCC_NO_COMMON_BLOCKS = YES;
				GCC_WARN_64_TO_32_BIT_CONVERSION = YES;
				GCC_WARN_ABOUT_RETURN_TYPE = YES_ERROR;
				GCC_WARN_UNDECLARED_SELECTOR = YES;
				GCC_WARN_UNINITIALIZED_AUTOS = YES_AGGRESSIVE;
				GCC_WARN_UNUSED_FUNCTION = YES;
				GCC_WARN_UNUSED_VARIABLE = YES;
				MACOSX_DEPLOYMENT_TARGET = 10.11;
				MTL_ENABLE_DEBUG_INFO = NO;
				SDKROOT = macosx;
				SWIFT_OPTIMIZATION_LEVEL = "-Owholemodule";
			};
			name = Release;
		};
		0DDC4B871F89008E00BEFE10 /* Debug */ = {
			isa = XCBuildConfiguration;
			buildSettings = {
				ALWAYS_EMBED_SWIFT_STANDARD_LIBRARIES = YES;
				ASSETCATALOG_COMPILER_APPICON_NAME = AppIcon;
				CODE_SIGN_ENTITLEMENTS = GraphyGraph/GraphyGraph.entitlements;
				CODE_SIGN_IDENTITY = "Mac Developer";
				CODE_SIGN_STYLE = Automatic;
				COMBINE_HIDPI_IMAGES = YES;
				DEVELOPMENT_TEAM = DS56E5XJDT;
				INFOPLIST_FILE = GraphyGraph/Info.plist;
				LD_RUNPATH_SEARCH_PATHS = "$(inherited) @executable_path/../Frameworks";
				PRODUCT_BUNDLE_IDENTIFIER = prokop.GraphyGraph;
				PRODUCT_NAME = "$(TARGET_NAME)";
				PROVISIONING_PROFILE_SPECIFIER = "";
				SWIFT_VERSION = 4.0;
			};
			name = Debug;
		};
		0DDC4B881F89008E00BEFE10 /* Release */ = {
			isa = XCBuildConfiguration;
			buildSettings = {
				ALWAYS_EMBED_SWIFT_STANDARD_LIBRARIES = YES;
				ASSETCATALOG_COMPILER_APPICON_NAME = AppIcon;
				CODE_SIGN_ENTITLEMENTS = GraphyGraph/GraphyGraph.entitlements;
				CODE_SIGN_IDENTITY = "Mac Developer";
				CODE_SIGN_STYLE = Automatic;
				COMBINE_HIDPI_IMAGES = YES;
				DEVELOPMENT_TEAM = DS56E5XJDT;
				INFOPLIST_FILE = GraphyGraph/Info.plist;
				LD_RUNPATH_SEARCH_PATHS = "$(inherited) @executable_path/../Frameworks";
				PRODUCT_BUNDLE_IDENTIFIER = prokop.GraphyGraph;
				PRODUCT_NAME = "$(TARGET_NAME)";
				PROVISIONING_PROFILE_SPECIFIER = "";
				SWIFT_VERSION = 4.0;
			};
			name = Release;
		};
		0DDC4B8A1F89008E00BEFE10 /* Debug */ = {
			isa = XCBuildConfiguration;
			buildSettings = {
				ALWAYS_EMBED_SWIFT_STANDARD_LIBRARIES = YES;
				BUNDLE_LOADER = "$(TEST_HOST)";
				CODE_SIGN_STYLE = Automatic;
				COMBINE_HIDPI_IMAGES = YES;
				INFOPLIST_FILE = GraphyGraphTests/Info.plist;
				LD_RUNPATH_SEARCH_PATHS = "$(inherited) @executable_path/../Frameworks @loader_path/../Frameworks";
				PRODUCT_BUNDLE_IDENTIFIER = prokop.GraphyGraphTests;
				PRODUCT_NAME = "$(TARGET_NAME)";
				SWIFT_VERSION = 4.0;
				TEST_HOST = "$(BUILT_PRODUCTS_DIR)/GraphyGraph.app/Contents/MacOS/GraphyGraph";
			};
			name = Debug;
		};
		0DDC4B8B1F89008E00BEFE10 /* Release */ = {
			isa = XCBuildConfiguration;
			buildSettings = {
				ALWAYS_EMBED_SWIFT_STANDARD_LIBRARIES = YES;
				BUNDLE_LOADER = "$(TEST_HOST)";
				CODE_SIGN_STYLE = Automatic;
				COMBINE_HIDPI_IMAGES = YES;
				INFOPLIST_FILE = GraphyGraphTests/Info.plist;
				LD_RUNPATH_SEARCH_PATHS = "$(inherited) @executable_path/../Frameworks @loader_path/../Frameworks";
				PRODUCT_BUNDLE_IDENTIFIER = prokop.GraphyGraphTests;
				PRODUCT_NAME = "$(TARGET_NAME)";
				SWIFT_VERSION = 4.0;
				TEST_HOST = "$(BUILT_PRODUCTS_DIR)/GraphyGraph.app/Contents/MacOS/GraphyGraph";
			};
			name = Release;
		};
		0DDC4B8D1F89008E00BEFE10 /* Debug */ = {
			isa = XCBuildConfiguration;
			buildSettings = {
				ALWAYS_EMBED_SWIFT_STANDARD_LIBRARIES = YES;
				CODE_SIGN_STYLE = Automatic;
				COMBINE_HIDPI_IMAGES = YES;
				INFOPLIST_FILE = GraphyGraphUITests/Info.plist;
				LD_RUNPATH_SEARCH_PATHS = "$(inherited) @executable_path/../Frameworks @loader_path/../Frameworks";
				PRODUCT_BUNDLE_IDENTIFIER = prokop.GraphyGraphUITests;
				PRODUCT_NAME = "$(TARGET_NAME)";
				SWIFT_VERSION = 4.0;
				TEST_TARGET_NAME = GraphyGraph;
			};
			name = Debug;
		};
		0DDC4B8E1F89008E00BEFE10 /* Release */ = {
			isa = XCBuildConfiguration;
			buildSettings = {
				ALWAYS_EMBED_SWIFT_STANDARD_LIBRARIES = YES;
				CODE_SIGN_STYLE = Automatic;
				COMBINE_HIDPI_IMAGES = YES;
				INFOPLIST_FILE = GraphyGraphUITests/Info.plist;
				LD_RUNPATH_SEARCH_PATHS = "$(inherited) @executable_path/../Frameworks @loader_path/../Frameworks";
				PRODUCT_BUNDLE_IDENTIFIER = prokop.GraphyGraphUITests;
				PRODUCT_NAME = "$(TARGET_NAME)";
				SWIFT_VERSION = 4.0;
				TEST_TARGET_NAME = GraphyGraph;
			};
			name = Release;
		};
		0DDC4BB41F8A777500BEFE10 /* Debug */ = {
			isa = XCBuildConfiguration;
			buildSettings = {
				CLANG_ENABLE_MODULES = YES;
				CODE_SIGN_IDENTITY = "Mac Developer";
				CODE_SIGN_STYLE = Automatic;
				COMBINE_HIDPI_IMAGES = YES;
				CURRENT_PROJECT_VERSION = 1;
				DEFINES_MODULE = YES;
				DEVELOPMENT_TEAM = DS56E5XJDT;
				DYLIB_COMPATIBILITY_VERSION = 1;
				DYLIB_CURRENT_VERSION = 1;
				DYLIB_INSTALL_NAME_BASE = "@rpath";
				FRAMEWORK_VERSION = A;
				INFOPLIST_FILE = GraphyGraphLib/Info.plist;
				INSTALL_PATH = "$(LOCAL_LIBRARY_DIR)/Frameworks";
				LD_RUNPATH_SEARCH_PATHS = "$(inherited) @executable_path/../Frameworks @loader_path/Frameworks";
				PRODUCT_BUNDLE_IDENTIFIER = prokop.GraphyGraphLib;
				PRODUCT_NAME = "$(TARGET_NAME:c99extidentifier)";
				PROVISIONING_PROFILE_SPECIFIER = "";
				SKIP_INSTALL = YES;
				SWIFT_OPTIMIZATION_LEVEL = "-Onone";
				SWIFT_VERSION = 4.0;
				VERSIONING_SYSTEM = "apple-generic";
				VERSION_INFO_PREFIX = "";
			};
			name = Debug;
		};
		0DDC4BB51F8A777500BEFE10 /* Release */ = {
			isa = XCBuildConfiguration;
			buildSettings = {
				CLANG_ENABLE_MODULES = YES;
				CODE_SIGN_IDENTITY = "Mac Developer";
				CODE_SIGN_STYLE = Automatic;
				COMBINE_HIDPI_IMAGES = YES;
				CURRENT_PROJECT_VERSION = 1;
				DEFINES_MODULE = YES;
				DEVELOPMENT_TEAM = DS56E5XJDT;
				DYLIB_COMPATIBILITY_VERSION = 1;
				DYLIB_CURRENT_VERSION = 1;
				DYLIB_INSTALL_NAME_BASE = "@rpath";
				FRAMEWORK_VERSION = A;
				INFOPLIST_FILE = GraphyGraphLib/Info.plist;
				INSTALL_PATH = "$(LOCAL_LIBRARY_DIR)/Frameworks";
				LD_RUNPATH_SEARCH_PATHS = "$(inherited) @executable_path/../Frameworks @loader_path/Frameworks";
				PRODUCT_BUNDLE_IDENTIFIER = prokop.GraphyGraphLib;
				PRODUCT_NAME = "$(TARGET_NAME:c99extidentifier)";
				PROVISIONING_PROFILE_SPECIFIER = "";
				SKIP_INSTALL = YES;
				SWIFT_VERSION = 4.0;
				VERSIONING_SYSTEM = "apple-generic";
				VERSION_INFO_PREFIX = "";
			};
			name = Release;
		};
		0DDC4BB81F8A777500BEFE10 /* Debug */ = {
			isa = XCBuildConfiguration;
			buildSettings = {
				ALWAYS_EMBED_SWIFT_STANDARD_LIBRARIES = YES;
				CODE_SIGN_IDENTITY = "Mac Developer";
				CODE_SIGN_STYLE = Automatic;
				COMBINE_HIDPI_IMAGES = YES;
				DEVELOPMENT_TEAM = DS56E5XJDT;
				INFOPLIST_FILE = GraphyGraphLibTests/Info.plist;
				LD_RUNPATH_SEARCH_PATHS = "$(inherited) @executable_path/../Frameworks @loader_path/../Frameworks";
				PRODUCT_BUNDLE_IDENTIFIER = prokop.GraphyGraphLibTests;
				PRODUCT_NAME = "$(TARGET_NAME)";
				PROVISIONING_PROFILE_SPECIFIER = "";
				SWIFT_VERSION = 4.0;
				TEST_HOST = "$(BUILT_PRODUCTS_DIR)/GraphyGraph.app/Contents/MacOS/GraphyGraph";
			};
			name = Debug;
		};
		0DDC4BB91F8A777500BEFE10 /* Release */ = {
			isa = XCBuildConfiguration;
			buildSettings = {
				ALWAYS_EMBED_SWIFT_STANDARD_LIBRARIES = YES;
				CODE_SIGN_IDENTITY = "Mac Developer";
				CODE_SIGN_STYLE = Automatic;
				COMBINE_HIDPI_IMAGES = YES;
				DEVELOPMENT_TEAM = DS56E5XJDT;
				INFOPLIST_FILE = GraphyGraphLibTests/Info.plist;
				LD_RUNPATH_SEARCH_PATHS = "$(inherited) @executable_path/../Frameworks @loader_path/../Frameworks";
				PRODUCT_BUNDLE_IDENTIFIER = prokop.GraphyGraphLibTests;
				PRODUCT_NAME = "$(TARGET_NAME)";
				PROVISIONING_PROFILE_SPECIFIER = "";
				SWIFT_VERSION = 4.0;
				TEST_HOST = "$(BUILT_PRODUCTS_DIR)/GraphyGraph.app/Contents/MacOS/GraphyGraph";
			};
			name = Release;
		};
/* End XCBuildConfiguration section */

/* Begin XCConfigurationList section */
		0DDC4B5D1F89008D00BEFE10 /* Build configuration list for PBXProject "GraphyGraph" */ = {
			isa = XCConfigurationList;
			buildConfigurations = (
				0DDC4B841F89008E00BEFE10 /* Debug */,
				0DDC4B851F89008E00BEFE10 /* Release */,
			);
			defaultConfigurationIsVisible = 0;
			defaultConfigurationName = Release;
		};
		0DDC4B861F89008E00BEFE10 /* Build configuration list for PBXNativeTarget "GraphyGraph" */ = {
			isa = XCConfigurationList;
			buildConfigurations = (
				0DDC4B871F89008E00BEFE10 /* Debug */,
				0DDC4B881F89008E00BEFE10 /* Release */,
			);
			defaultConfigurationIsVisible = 0;
			defaultConfigurationName = Release;
		};
		0DDC4B891F89008E00BEFE10 /* Build configuration list for PBXNativeTarget "GraphyGraphTests" */ = {
			isa = XCConfigurationList;
			buildConfigurations = (
				0DDC4B8A1F89008E00BEFE10 /* Debug */,
				0DDC4B8B1F89008E00BEFE10 /* Release */,
			);
			defaultConfigurationIsVisible = 0;
			defaultConfigurationName = Release;
		};
		0DDC4B8C1F89008E00BEFE10 /* Build configuration list for PBXNativeTarget "GraphyGraphUITests" */ = {
			isa = XCConfigurationList;
			buildConfigurations = (
				0DDC4B8D1F89008E00BEFE10 /* Debug */,
				0DDC4B8E1F89008E00BEFE10 /* Release */,
			);
			defaultConfigurationIsVisible = 0;
			defaultConfigurationName = Release;
		};
		0DDC4BB31F8A777500BEFE10 /* Build configuration list for PBXNativeTarget "GraphyGraphLib" */ = {
			isa = XCConfigurationList;
			buildConfigurations = (
				0DDC4BB41F8A777500BEFE10 /* Debug */,
				0DDC4BB51F8A777500BEFE10 /* Release */,
			);
			defaultConfigurationIsVisible = 0;
			defaultConfigurationName = Release;
		};
		0DDC4BB71F8A777500BEFE10 /* Build configuration list for PBXNativeTarget "GraphyGraphLibTests" */ = {
			isa = XCConfigurationList;
			buildConfigurations = (
				0DDC4BB81F8A777500BEFE10 /* Debug */,
				0DDC4BB91F8A777500BEFE10 /* Release */,
			);
			defaultConfigurationIsVisible = 0;
			defaultConfigurationName = Release;
		};
/* End XCConfigurationList section */
	};
	rootObject = 0DDC4B5A1F89008D00BEFE10 /* Project object */;
}
